{
  "originHash" : "bf6a941bf0e23dfd74869863ca08580615bb53aa01116fe36dd4a2db2d09f28d",
  "pins" : [
    {
      "identity" : "lunar-swift",
      "kind" : "remoteSourceControl",
      "location" : "https://github.com/6tail/lunar-swift.git",
      "state" : {
        "revision" : "a7ec0e9b29f84a5d98b09b9ffd31145f17470d56"
      }
    },
    {
      "identity" : "sparkle",
      "kind" : "remoteSourceControl",
      "location" : "https://github.com/sparkle-project/Sparkle.git",
      "state" : {
        "revision" : "eef1a539a373c1f1a320624b1130fc5de7b2e100",
        "version" : "2.10.0"
      }
    }
  ],
  "version" : 3
}
